
Microsoft Visual Studio Solution File, Format Version 12.00
# Visual Studio Version 17
VisualStudioVersion = 17.8.34322.80
MinimumVisualStudioVersion = 10.0.40219.1
Project("{FAE04EC0-301F-11D3-BF4B-00C04F79EFBC}") = "UserTest_01", "UserTest_01\UserTest_01.csproj", "{CC802F45-9AC3-449A-8CC7-F379795406EE}"
EndProject
Global
	GlobalSection(SolutionConfigurationPlatforms) = preSolution
		Debug|Any CPU = Debug|Any CPU
		Release|Any CPU = Release|Any CPU
	EndGlobalSection
	GlobalSection(ProjectConfigurationPlatforms) = postSolution
		{CC802F45-9AC3-449A-8CC7-F379795406EE}.Debug|Any CPU.ActiveCfg = Debug|Any CPU
		{CC802F45-9AC3-449A-8CC7-F379795406EE}.Debug|Any CPU.Build.0 = Debug|Any CPU
		{CC802F45-9AC3-449A-8CC7-F379795406EE}.Release|Any CPU.ActiveCfg = Release|Any CPU
		{CC802F45-9AC3-449A-8CC7-F379795406EE}.Release|Any CPU.Build.0 = Release|Any CPU
	EndGlobalSection
	GlobalSection(SolutionProperties) = preSolution
		HideSolutionNode = FALSE
	EndGlobalSection
	GlobalSection(ExtensibilityGlobals) = postSolution
		SolutionGuid = {6EE08FE1-1C2C-42D5-B63D-DD9CFE987607}
	EndGlobalSection
EndGlobal
